
Microsoft Visual Studio Solution File, Format Version 12.00
# Visual Studio Version 17
VisualStudioVersion = 17.0.32112.339
MinimumVisualStudioVersion = 10.0.40219.1
Project("{FAE04EC0-301F-11D3-BF4B-00C04F79EFBC}") = "MagicDates", "MagicDates.csproj", "{439DE0BE-94C5-4077-A519-07E594EE0A06}"
EndProject
Global
	GlobalSection(SolutionConfigurationPlatforms) = preSolution
		Debug|Any CPU = Debug|Any CPU
		Release|Any CPU = Release|Any CPU
	EndGlobalSection
	GlobalSection(ProjectConfigurationPlatforms) = postSolution
		{439DE0BE-94C5-4077-A519-07E594EE0A06}.Debug|Any CPU.ActiveCfg = Debug|Any CPU
		{439DE0BE-94C5-4077-A519-07E594EE0A06}.Debug|Any CPU.Build.0 = Debug|Any CPU
		{439DE0BE-94C5-4077-A519-07E594EE0A06}.Release|Any CPU.ActiveCfg = Release|Any CPU
		{439DE0BE-94C5-4077-A519-07E594EE0A06}.Release|Any CPU.Build.0 = Release|Any CPU
	EndGlobalSection
	GlobalSection(SolutionProperties) = preSolution
		HideSolutionNode = FALSE
	EndGlobalSection
	GlobalSection(ExtensibilityGlobals) = postSolution
		SolutionGuid = {1849615C-8AA1-430E-BA17-199250BC3DE2}
	EndGlobalSection
EndGlobal
